
Microsoft Visual Studio Solution File, Format Version 12.00
# Visual Studio Version 16
VisualStudioVersion = 16.0.32413.511
MinimumVisualStudioVersion = 10.0.40219.1
Project("{2150E333-8FDC-42A3-9474-1A3956D46DE8}") = "domain", "domain", "{3CF081E7-3991-44A3-BE7B-3143AF90FB6A}"
EndProject
Project("{9A19103F-16F7-4668-BE54-9A1E7A4F7556}") = "Store", "Store\Store.csproj", "{4D6FF649-2B11-451B-A9A2-B10E145FD38E}"
EndProject
Project("{2150E333-8FDC-42A3-9474-1A3956D46DE8}") = "infrastructure", "infrastructure", "{D39727F3-8B9A-498D-AB90-34A88FFA5400}"
EndProject
Project("{9A19103F-16F7-4668-BE54-9A1E7A4F7556}") = "Store.Memory", "infrastructure\Store.Memory\Store.Memory.csproj", "{B5CC4376-6BEB-4F3D-8772-FA2FDE5B5338}"
EndProject
Project("{2150E333-8FDC-42A3-9474-1A3956D46DE8}") = "presentation", "presentation", "{C7A63208-2ED0-42F8-B07F-DB84C00DB300}"
EndProject
Project("{9A19103F-16F7-4668-BE54-9A1E7A4F7556}") = "Store.Web", "presentation\Store.Web\Store.Web.csproj", "{312EE697-3EA0-451D-8393-A62A92F7EFB4}"
EndProject
Project("{9A19103F-16F7-4668-BE54-9A1E7A4F7556}") = "Store.Tests", "domain\Store.Tests\Store.Tests.csproj", "{06D6F914-EA66-47E7-AC6A-DA9581A850C3}"
EndProject
Project("{9A19103F-16F7-4668-BE54-9A1E7A4F7556}") = "Store.Web.Contractors", "presentation\Store.Web.Contractors\Store.Web.Contractors.csproj", "{2001D55A-9FB6-4DA7-B089-9F6E45846CD2}"
EndProject
Project("{2150E333-8FDC-42A3-9474-1A3956D46DE8}") = "plugins", "plugins", "{2FB7AEDC-8481-4E4E-8090-E8D52C9AE7CD}"
EndProject
Project("{9A19103F-16F7-4668-BE54-9A1E7A4F7556}") = "Store.YandexKassa", "plugins\Store.YandexKassa\Store.YandexKassa.csproj", "{DB680F15-91DA-4CD3-AE29-456292BE7C4C}"
<<<<<<< HEAD
EndProject
Project("{2150E333-8FDC-42A3-9474-1A3956D46DE8}") = "application", "application", "{17AE4698-0C02-4A36-96E1-11FEA53383C6}"
EndProject
Project("{FAE04EC0-301F-11D3-BF4B-00C04F79EFBC}") = "Store.Web.App", "application\Store.Web.App\Store.Web.App.csproj", "{F9302045-45BB-41EB-8C1F-E40DB6072824}"
=======
>>>>>>> 92d415b5304a34f71589b0df4b69bc894aa00eaa
EndProject
Global
	GlobalSection(SolutionConfigurationPlatforms) = preSolution
		Debug|Any CPU = Debug|Any CPU
		Release|Any CPU = Release|Any CPU
	EndGlobalSection
	GlobalSection(ProjectConfigurationPlatforms) = postSolution
		{4D6FF649-2B11-451B-A9A2-B10E145FD38E}.Debug|Any CPU.ActiveCfg = Debug|Any CPU
		{4D6FF649-2B11-451B-A9A2-B10E145FD38E}.Debug|Any CPU.Build.0 = Debug|Any CPU
		{4D6FF649-2B11-451B-A9A2-B10E145FD38E}.Release|Any CPU.ActiveCfg = Release|Any CPU
		{4D6FF649-2B11-451B-A9A2-B10E145FD38E}.Release|Any CPU.Build.0 = Release|Any CPU
		{B5CC4376-6BEB-4F3D-8772-FA2FDE5B5338}.Debug|Any CPU.ActiveCfg = Debug|Any CPU
		{B5CC4376-6BEB-4F3D-8772-FA2FDE5B5338}.Debug|Any CPU.Build.0 = Debug|Any CPU
		{B5CC4376-6BEB-4F3D-8772-FA2FDE5B5338}.Release|Any CPU.ActiveCfg = Release|Any CPU
		{B5CC4376-6BEB-4F3D-8772-FA2FDE5B5338}.Release|Any CPU.Build.0 = Release|Any CPU
		{312EE697-3EA0-451D-8393-A62A92F7EFB4}.Debug|Any CPU.ActiveCfg = Debug|Any CPU
		{312EE697-3EA0-451D-8393-A62A92F7EFB4}.Debug|Any CPU.Build.0 = Debug|Any CPU
		{312EE697-3EA0-451D-8393-A62A92F7EFB4}.Release|Any CPU.ActiveCfg = Release|Any CPU
		{312EE697-3EA0-451D-8393-A62A92F7EFB4}.Release|Any CPU.Build.0 = Release|Any CPU
		{06D6F914-EA66-47E7-AC6A-DA9581A850C3}.Debug|Any CPU.ActiveCfg = Debug|Any CPU
		{06D6F914-EA66-47E7-AC6A-DA9581A850C3}.Debug|Any CPU.Build.0 = Debug|Any CPU
		{06D6F914-EA66-47E7-AC6A-DA9581A850C3}.Release|Any CPU.ActiveCfg = Release|Any CPU
		{06D6F914-EA66-47E7-AC6A-DA9581A850C3}.Release|Any CPU.Build.0 = Release|Any CPU
		{2001D55A-9FB6-4DA7-B089-9F6E45846CD2}.Debug|Any CPU.ActiveCfg = Debug|Any CPU
		{2001D55A-9FB6-4DA7-B089-9F6E45846CD2}.Debug|Any CPU.Build.0 = Debug|Any CPU
		{2001D55A-9FB6-4DA7-B089-9F6E45846CD2}.Release|Any CPU.ActiveCfg = Release|Any CPU
		{2001D55A-9FB6-4DA7-B089-9F6E45846CD2}.Release|Any CPU.Build.0 = Release|Any CPU
		{DB680F15-91DA-4CD3-AE29-456292BE7C4C}.Debug|Any CPU.ActiveCfg = Debug|Any CPU
		{DB680F15-91DA-4CD3-AE29-456292BE7C4C}.Debug|Any CPU.Build.0 = Debug|Any CPU
		{DB680F15-91DA-4CD3-AE29-456292BE7C4C}.Release|Any CPU.ActiveCfg = Release|Any CPU
		{DB680F15-91DA-4CD3-AE29-456292BE7C4C}.Release|Any CPU.Build.0 = Release|Any CPU
<<<<<<< HEAD
		{F9302045-45BB-41EB-8C1F-E40DB6072824}.Debug|Any CPU.ActiveCfg = Debug|Any CPU
		{F9302045-45BB-41EB-8C1F-E40DB6072824}.Debug|Any CPU.Build.0 = Debug|Any CPU
		{F9302045-45BB-41EB-8C1F-E40DB6072824}.Release|Any CPU.ActiveCfg = Release|Any CPU
		{F9302045-45BB-41EB-8C1F-E40DB6072824}.Release|Any CPU.Build.0 = Release|Any CPU
=======
>>>>>>> 92d415b5304a34f71589b0df4b69bc894aa00eaa
	EndGlobalSection
	GlobalSection(SolutionProperties) = preSolution
		HideSolutionNode = FALSE
	EndGlobalSection
	GlobalSection(NestedProjects) = preSolution
		{4D6FF649-2B11-451B-A9A2-B10E145FD38E} = {3CF081E7-3991-44A3-BE7B-3143AF90FB6A}
		{B5CC4376-6BEB-4F3D-8772-FA2FDE5B5338} = {D39727F3-8B9A-498D-AB90-34A88FFA5400}
		{312EE697-3EA0-451D-8393-A62A92F7EFB4} = {C7A63208-2ED0-42F8-B07F-DB84C00DB300}
		{06D6F914-EA66-47E7-AC6A-DA9581A850C3} = {3CF081E7-3991-44A3-BE7B-3143AF90FB6A}
		{2001D55A-9FB6-4DA7-B089-9F6E45846CD2} = {C7A63208-2ED0-42F8-B07F-DB84C00DB300}
		{DB680F15-91DA-4CD3-AE29-456292BE7C4C} = {2FB7AEDC-8481-4E4E-8090-E8D52C9AE7CD}
<<<<<<< HEAD
		{F9302045-45BB-41EB-8C1F-E40DB6072824} = {17AE4698-0C02-4A36-96E1-11FEA53383C6}
=======
>>>>>>> 92d415b5304a34f71589b0df4b69bc894aa00eaa
	EndGlobalSection
	GlobalSection(ExtensibilityGlobals) = postSolution
		SolutionGuid = {D22B387E-A02D-4A36-87AF-5C121AA0FF8A}
	EndGlobalSection
EndGlobal
